
Microsoft Visual Studio Solution File, Format Version 12.00
# Visual Studio Version 16
VisualStudioVersion = 16.0.31025.194
MinimumVisualStudioVersion = 10.0.40219.1
Project("{FAE04EC0-301F-11D3-BF4B-00C04F79EFBC}") = "Calculator1", "Calculator1.csproj", "{98C4EB1E-6433-4967-B158-04955024952E}"
EndProject
Global
	GlobalSection(SolutionConfigurationPlatforms) = preSolution
		Debug|Any CPU = Debug|Any CPU
		Release|Any CPU = Release|Any CPU
	EndGlobalSection
	GlobalSection(ProjectConfigurationPlatforms) = postSolution
		{98C4EB1E-6433-4967-B158-04955024952E}.Debug|Any CPU.ActiveCfg = Debug|Any CPU
		{98C4EB1E-6433-4967-B158-04955024952E}.Debug|Any CPU.Build.0 = Debug|Any CPU
		{98C4EB1E-6433-4967-B158-04955024952E}.Release|Any CPU.ActiveCfg = Release|Any CPU
		{98C4EB1E-6433-4967-B158-04955024952E}.Release|Any CPU.Build.0 = Release|Any CPU
	EndGlobalSection
	GlobalSection(SolutionProperties) = preSolution
		HideSolutionNode = FALSE
	EndGlobalSection
	GlobalSection(ExtensibilityGlobals) = postSolution
		SolutionGuid = {EAE3870A-9734-463C-9259-0A2D2FDAB40D}
	EndGlobalSection
EndGlobal
