
Microsoft Visual Studio Solution File, Format Version 12.00
# Visual Studio Version 16
VisualStudioVersion = 16.0.31025.194
MinimumVisualStudioVersion = 10.0.40219.1
Project("{9A19103F-16F7-4668-BE54-9A1E7A4F7556}") = "3.1+3.2", "3.1+3.2.csproj", "{734D0184-6FC8-484E-84AC-4227A7BA1820}"
EndProject
Global
	GlobalSection(SolutionConfigurationPlatforms) = preSolution
		Debug|Any CPU = Debug|Any CPU
		Release|Any CPU = Release|Any CPU
	EndGlobalSection
	GlobalSection(ProjectConfigurationPlatforms) = postSolution
		{734D0184-6FC8-484E-84AC-4227A7BA1820}.Debug|Any CPU.ActiveCfg = Debug|Any CPU
		{734D0184-6FC8-484E-84AC-4227A7BA1820}.Debug|Any CPU.Build.0 = Debug|Any CPU
		{734D0184-6FC8-484E-84AC-4227A7BA1820}.Release|Any CPU.ActiveCfg = Release|Any CPU
		{734D0184-6FC8-484E-84AC-4227A7BA1820}.Release|Any CPU.Build.0 = Release|Any CPU
	EndGlobalSection
	GlobalSection(SolutionProperties) = preSolution
		HideSolutionNode = FALSE
	EndGlobalSection
	GlobalSection(ExtensibilityGlobals) = postSolution
		SolutionGuid = {4019307D-A6B4-4CEA-8690-A09BF49A274C}
	EndGlobalSection
EndGlobal
