
Microsoft Visual Studio Solution File, Format Version 12.00
# Visual Studio Version 16
VisualStudioVersion = 16.0.31025.194
MinimumVisualStudioVersion = 10.0.40219.1
Project("{FAE04EC0-301F-11D3-BF4B-00C04F79EFBC}") = "4.2", "4.2.csproj", "{5B67DA71-5E5F-45D7-BC41-5E45E203AD72}"
EndProject
Global
	GlobalSection(SolutionConfigurationPlatforms) = preSolution
		Debug|Any CPU = Debug|Any CPU
		Release|Any CPU = Release|Any CPU
	EndGlobalSection
	GlobalSection(ProjectConfigurationPlatforms) = postSolution
		{5B67DA71-5E5F-45D7-BC41-5E45E203AD72}.Debug|Any CPU.ActiveCfg = Debug|Any CPU
		{5B67DA71-5E5F-45D7-BC41-5E45E203AD72}.Debug|Any CPU.Build.0 = Debug|Any CPU
		{5B67DA71-5E5F-45D7-BC41-5E45E203AD72}.Release|Any CPU.ActiveCfg = Release|Any CPU
		{5B67DA71-5E5F-45D7-BC41-5E45E203AD72}.Release|Any CPU.Build.0 = Release|Any CPU
	EndGlobalSection
	GlobalSection(SolutionProperties) = preSolution
		HideSolutionNode = FALSE
	EndGlobalSection
	GlobalSection(ExtensibilityGlobals) = postSolution
		SolutionGuid = {27C2D6ED-E1D8-4278-A0DE-B29B10AC358A}
	EndGlobalSection
EndGlobal
